
Microsoft Visual Studio Solution File, Format Version 12.00
# Visual Studio Version 17
VisualStudioVersion = 17.11.35327.3
MinimumVisualStudioVersion = 10.0.40219.1
Project("{8BC9CEB8-8B4A-11D0-8D11-00A0C91BC942}") = "C-part2", "C-part2.vcxproj", "{ACB74ADF-7F84-44DD-B6D2-4A24485C9D9A}"
EndProject
Global
	GlobalSection(SolutionConfigurationPlatforms) = preSolution
		Debug|x64 = Debug|x64
		Debug|x86 = Debug|x86
		Release|x64 = Release|x64
		Release|x86 = Release|x86
	EndGlobalSection
	GlobalSection(ProjectConfigurationPlatforms) = postSolution
		{ACB74ADF-7F84-44DD-B6D2-4A24485C9D9A}.Debug|x64.ActiveCfg = Debug|x64
		{ACB74ADF-7F84-44DD-B6D2-4A24485C9D9A}.Debug|x64.Build.0 = Debug|x64
		{ACB74ADF-7F84-44DD-B6D2-4A24485C9D9A}.Debug|x86.ActiveCfg = Debug|Win32
		{ACB74ADF-7F84-44DD-B6D2-4A24485C9D9A}.Debug|x86.Build.0 = Debug|Win32
		{ACB74ADF-7F84-44DD-B6D2-4A24485C9D9A}.Release|x64.ActiveCfg = Release|x64
		{ACB74ADF-7F84-44DD-B6D2-4A24485C9D9A}.Release|x64.Build.0 = Release|x64
		{ACB74ADF-7F84-44DD-B6D2-4A24485C9D9A}.Release|x86.ActiveCfg = Release|Win32
		{ACB74ADF-7F84-44DD-B6D2-4A24485C9D9A}.Release|x86.Build.0 = Release|Win32
	EndGlobalSection
	GlobalSection(SolutionProperties) = preSolution
		HideSolutionNode = FALSE
	EndGlobalSection
	GlobalSection(ExtensibilityGlobals) = postSolution
		SolutionGuid = {B3191733-CAF8-487F-99B3-EF89F4B14996}
	EndGlobalSection
EndGlobal
