
Microsoft Visual Studio Solution File, Format Version 12.00
# Visual Studio Version 17
VisualStudioVersion = 17.10.35013.160
MinimumVisualStudioVersion = 10.0.40219.1
Project("{8BC9CEB8-8B4A-11D0-8D11-00A0C91BC942}") = "操作符练习", "操作符练习.vcxproj", "{C79E27F7-4381-44E3-88B6-611D5DCD9709}"
EndProject
Global
	GlobalSection(SolutionConfigurationPlatforms) = preSolution
		Debug|x64 = Debug|x64
		Debug|x86 = Debug|x86
		Release|x64 = Release|x64
		Release|x86 = Release|x86
	EndGlobalSection
	GlobalSection(ProjectConfigurationPlatforms) = postSolution
		{C79E27F7-4381-44E3-88B6-611D5DCD9709}.Debug|x64.ActiveCfg = Debug|x64
		{C79E27F7-4381-44E3-88B6-611D5DCD9709}.Debug|x64.Build.0 = Debug|x64
		{C79E27F7-4381-44E3-88B6-611D5DCD9709}.Debug|x86.ActiveCfg = Debug|Win32
		{C79E27F7-4381-44E3-88B6-611D5DCD9709}.Debug|x86.Build.0 = Debug|Win32
		{C79E27F7-4381-44E3-88B6-611D5DCD9709}.Release|x64.ActiveCfg = Release|x64
		{C79E27F7-4381-44E3-88B6-611D5DCD9709}.Release|x64.Build.0 = Release|x64
		{C79E27F7-4381-44E3-88B6-611D5DCD9709}.Release|x86.ActiveCfg = Release|Win32
		{C79E27F7-4381-44E3-88B6-611D5DCD9709}.Release|x86.Build.0 = Release|Win32
	EndGlobalSection
	GlobalSection(SolutionProperties) = preSolution
		HideSolutionNode = FALSE
	EndGlobalSection
	GlobalSection(ExtensibilityGlobals) = postSolution
		SolutionGuid = {AA3BFA72-A3FE-41EE-9B5F-44A7BA8B7B0D}
	EndGlobalSection
EndGlobal
