
Microsoft Visual Studio Solution File, Format Version 12.00
# Visual Studio Version 17
VisualStudioVersion = 17.9.34728.123
MinimumVisualStudioVersion = 10.0.40219.1
Project("{8BC9CEB8-8B4A-11D0-8D11-00A0C91BC942}") = "三子棋0.3", "三子棋0.3.vcxproj", "{622D5F73-7387-417D-849C-1C7EAC11A5E1}"
EndProject
Global
	GlobalSection(SolutionConfigurationPlatforms) = preSolution
		Debug|x64 = Debug|x64
		Debug|x86 = Debug|x86
		Release|x64 = Release|x64
		Release|x86 = Release|x86
	EndGlobalSection
	GlobalSection(ProjectConfigurationPlatforms) = postSolution
		{622D5F73-7387-417D-849C-1C7EAC11A5E1}.Debug|x64.ActiveCfg = Debug|x64
		{622D5F73-7387-417D-849C-1C7EAC11A5E1}.Debug|x64.Build.0 = Debug|x64
		{622D5F73-7387-417D-849C-1C7EAC11A5E1}.Debug|x86.ActiveCfg = Debug|Win32
		{622D5F73-7387-417D-849C-1C7EAC11A5E1}.Debug|x86.Build.0 = Debug|Win32
		{622D5F73-7387-417D-849C-1C7EAC11A5E1}.Release|x64.ActiveCfg = Release|x64
		{622D5F73-7387-417D-849C-1C7EAC11A5E1}.Release|x64.Build.0 = Release|x64
		{622D5F73-7387-417D-849C-1C7EAC11A5E1}.Release|x86.ActiveCfg = Release|Win32
		{622D5F73-7387-417D-849C-1C7EAC11A5E1}.Release|x86.Build.0 = Release|Win32
	EndGlobalSection
	GlobalSection(SolutionProperties) = preSolution
		HideSolutionNode = FALSE
	EndGlobalSection
	GlobalSection(ExtensibilityGlobals) = postSolution
		SolutionGuid = {0EC15B4B-5DCF-4107-92D1-1BAD83E3368E}
	EndGlobalSection
EndGlobal
